
Microsoft Visual Studio Solution File, Format Version 12.00
# Visual Studio Version 17
VisualStudioVersion = 17.8.34511.84
MinimumVisualStudioVersion = 10.0.40219.1
Project("{FAE04EC0-301F-11D3-BF4B-00C04F79EFBC}") = "GhidraZipCleaner", "GhidraZipCleaner\GhidraZipCleaner.csproj", "{DE86D108-DA48-4625-8BE1-6D8A73A6310C}"
EndProject
Project("{FAE04EC0-301F-11D3-BF4B-00C04F79EFBC}") = "GhidraZipCleaner_CLI", "GhidraZipCleaner_CLI\GhidraZipCleaner_CLI.csproj", "{07A8CF9A-D2CF-4D25-BCDE-A3CEC3DE1836}"
EndProject
Global
	GlobalSection(SolutionConfigurationPlatforms) = preSolution
		Debug|Any CPU = Debug|Any CPU
		Release|Any CPU = Release|Any CPU
	EndGlobalSection
	GlobalSection(ProjectConfigurationPlatforms) = postSolution
		{DE86D108-DA48-4625-8BE1-6D8A73A6310C}.Debug|Any CPU.ActiveCfg = Debug|Any CPU
		{DE86D108-DA48-4625-8BE1-6D8A73A6310C}.Debug|Any CPU.Build.0 = Debug|Any CPU
		{DE86D108-DA48-4625-8BE1-6D8A73A6310C}.Release|Any CPU.ActiveCfg = Release|Any CPU
		{DE86D108-DA48-4625-8BE1-6D8A73A6310C}.Release|Any CPU.Build.0 = Release|Any CPU
		{07A8CF9A-D2CF-4D25-BCDE-A3CEC3DE1836}.Debug|Any CPU.ActiveCfg = Debug|Any CPU
		{07A8CF9A-D2CF-4D25-BCDE-A3CEC3DE1836}.Debug|Any CPU.Build.0 = Debug|Any CPU
		{07A8CF9A-D2CF-4D25-BCDE-A3CEC3DE1836}.Release|Any CPU.ActiveCfg = Release|Any CPU
		{07A8CF9A-D2CF-4D25-BCDE-A3CEC3DE1836}.Release|Any CPU.Build.0 = Release|Any CPU
	EndGlobalSection
	GlobalSection(SolutionProperties) = preSolution
		HideSolutionNode = FALSE
	EndGlobalSection
	GlobalSection(ExtensibilityGlobals) = postSolution
		SolutionGuid = {E9BE643F-31C7-44FA-A9DD-03568A288962}
	EndGlobalSection
EndGlobal
